<Project xmlns="http://schemas.microsoft.com/developer/msbuild/2003">
    <PropertyGroup>
        <Base>True</Base>
        <AppType>Package</AppType>
        <Config Condition="'$(Config)'==''">Release</Config>
        <FrameworkType>None</FrameworkType>
        <MainSource>AsyncProDR.dpk</MainSource>
        <Platform Condition="'$(Platform)'==''">Win32</Platform>
        <ProjectGuid>{A31F9BA0-7036-4EC7-9794-2A17DEF90903}</ProjectGuid>
        <ProjectVersion>19.0</ProjectVersion>
        <TargetedPlatforms>3</TargetedPlatforms>
    </PropertyGroup>
    <PropertyGroup Condition="'$(Config)'=='Base' or '$(Base)'!=''">
        <Base>true</Base>
    </PropertyGroup>
    <PropertyGroup Condition="('$(Platform)'=='Win32' and '$(Base)'=='true') or '$(Base_Win32)'!=''">
        <Base_Win32>true</Base_Win32>
        <CfgParent>Base</CfgParent>
        <Base>true</Base>
    </PropertyGroup>
    <PropertyGroup Condition="('$(Platform)'=='Win64' and '$(Base)'=='true') or '$(Base_Win64)'!=''">
        <Base_Win64>true</Base_Win64>
        <CfgParent>Base</CfgParent>
        <Base>true</Base>
    </PropertyGroup>
    <PropertyGroup Condition="'$(Config)'=='Debug' or '$(Cfg_1)'!=''">
        <Cfg_1>true</Cfg_1>
        <CfgParent>Base</CfgParent>
        <Base>true</Base>
    </PropertyGroup>
    <PropertyGroup Condition="('$(Platform)'=='Win32' and '$(Cfg_1)'=='true') or '$(Cfg_1_Win32)'!=''">
        <Cfg_1_Win32>true</Cfg_1_Win32>
        <CfgParent>Cfg_1</CfgParent>
        <Cfg_1>true</Cfg_1>
        <Base>true</Base>
    </PropertyGroup>
    <PropertyGroup Condition="'$(Config)'=='Release' or '$(Cfg_2)'!=''">
        <Cfg_2>true</Cfg_2>
        <CfgParent>Base</CfgParent>
        <Base>true</Base>
    </PropertyGroup>
    <PropertyGroup Condition="('$(Platform)'=='Win32' and '$(Cfg_2)'=='true') or '$(Cfg_2_Win32)'!=''">
        <Cfg_2_Win32>true</Cfg_2_Win32>
        <CfgParent>Cfg_2</CfgParent>
        <Cfg_2>true</Cfg_2>
        <Base>true</Base>
    </PropertyGroup>
    <PropertyGroup Condition="'$(Base)'!=''">
        <SanitizedProjectName>AsyncProDR</SanitizedProjectName>
        <DCC_BpiOutput>..\cpp\$(Platform)\$(Config)</DCC_BpiOutput>
        <DCC_CBuilderOutput>All</DCC_CBuilderOutput>
        <DCC_DcuOutput>.\$(Platform)\$(Config)</DCC_DcuOutput>
        <DCC_Description>TurboPack Async Professional Delphi Runtime Package</DCC_Description>
        <DCC_ExeOutput>.\$(Platform)\$(Config)</DCC_ExeOutput>
        <DCC_HppOutput>..\cpp\$(Platform)\$(Config)</DCC_HppOutput>
        <DCC_Namespace>System;Xml;Data;Datasnap;Web;Soap;Vcl;$(DCC_Namespace)</DCC_Namespace>
        <DCC_ObjOutput>..\cpp\$(Platform)\$(Config)</DCC_ObjOutput>
        <DCC_OutputNeverBuildDcps>true</DCC_OutputNeverBuildDcps>
        <DllSuffix>270</DllSuffix>
        <GenDll>true</GenDll>
        <GenPackage>true</GenPackage>
        <RuntimeOnlyPackage>true</RuntimeOnlyPackage>
        <SkipResGeneration>false</SkipResGeneration>
        <VerInfo_Keys>CompanyName=;FileDescription=;FileVersion=1.0.0.0;InternalName=;LegalCopyright=;LegalTrademarks=;OriginalFilename=;ProductName=;ProductVersion=1.0.0.0;Comments=</VerInfo_Keys>
        <VerInfo_Locale>1031</VerInfo_Locale>
    </PropertyGroup>
    <PropertyGroup Condition="'$(Base_Win32)'!=''">
        <DCC_Namespace>Winapi;System.Win;Data.Win;Datasnap.Win;Web.Win;Soap.Win;Xml.Win;Bde;$(DCC_Namespace)</DCC_Namespace>
        <VerInfo_IncludeVerInfo>true</VerInfo_IncludeVerInfo>
        <VerInfo_Keys>CompanyName=;FileVersion=1.0.0.0;InternalName=;LegalCopyright=;LegalTrademarks=;OriginalFilename=;ProductVersion=1.0.0.0;Comments=;ProgramID=com.embarcadero.$(ModuleName);FileDescription=$(ModuleName);ProductName=$(ModuleName)</VerInfo_Keys>
        <VerInfo_Locale>1033</VerInfo_Locale>
    </PropertyGroup>
    <PropertyGroup Condition="'$(Base_Win64)'!=''">
        <DCC_Namespace>Winapi;System.Win;Data.Win;Datasnap.Win;Web.Win;Soap.Win;Xml.Win;$(DCC_Namespace)</DCC_Namespace>
        <VerInfo_IncludeVerInfo>true</VerInfo_IncludeVerInfo>
        <VerInfo_Locale>1033</VerInfo_Locale>
    </PropertyGroup>
    <PropertyGroup Condition="'$(Cfg_1)'!=''">
        <DCC_DebugDCUs>true</DCC_DebugDCUs>
        <DCC_DebugInfoInExe>true</DCC_DebugInfoInExe>
        <DCC_Define>DEBUG;$(DCC_Define)</DCC_Define>
        <DCC_GenerateStackFrames>true</DCC_GenerateStackFrames>
        <DCC_Optimize>false</DCC_Optimize>
        <DCC_RemoteDebug>true</DCC_RemoteDebug>
    </PropertyGroup>
    <PropertyGroup Condition="'$(Cfg_1_Win32)'!=''">
        <DCC_RemoteDebug>false</DCC_RemoteDebug>
        <VerInfo_IncludeVerInfo>true</VerInfo_IncludeVerInfo>
        <VerInfo_Locale>1033</VerInfo_Locale>
    </PropertyGroup>
    <PropertyGroup Condition="'$(Cfg_2)'!=''">
        <DCC_DebugInformation>0</DCC_DebugInformation>
        <DCC_Define>RELEASE;$(DCC_Define)</DCC_Define>
        <DCC_LocalDebugSymbols>false</DCC_LocalDebugSymbols>
        <DCC_SymbolReferenceInfo>0</DCC_SymbolReferenceInfo>
    </PropertyGroup>
    <PropertyGroup Condition="'$(Cfg_2_Win32)'!=''">
        <VerInfo_IncludeVerInfo>true</VerInfo_IncludeVerInfo>
        <VerInfo_Keys>CompanyName=;FileVersion=1.0.0.0;InternalName=;LegalCopyright=;LegalTrademarks=;OriginalFilename=;ProductVersion=1.0.0.0;Comments=;ProgramID=com.embarcadero.$(MSBuildProjectName);FileDescription=$(MSBuildProjectName);ProductName=$(MSBuildProjectName)</VerInfo_Keys>
        <VerInfo_Locale>1033</VerInfo_Locale>
    </PropertyGroup>
    <ItemGroup>
        <DelphiCompile Include="$(MainSource)">
            <MainSource>MainSource</MainSource>
        </DelphiCompile>
        <DCCReference Include="rtl.dcp"/>
        <DCCReference Include="vcl.dcp"/>
        <DCCReference Include="vclx.dcp"/>
        <DCCReference Include="..\..\..\source\ADEXCEPT.pas"/>
        <DCCReference Include="..\..\..\source\AdFax.pas"/>
        <DCCReference Include="..\..\..\source\ADFAXCTL.pas"/>
        <DCCReference Include="..\..\..\source\AdFaxCvt.pas"/>
        <DCCReference Include="..\..\..\source\AdFaxPrn.pas"/>
        <DCCReference Include="..\..\..\source\AdFaxSrv.pas"/>
        <DCCReference Include="..\..\..\source\AdFIDlg.pas"/>
        <DCCReference Include="..\..\..\source\Adfpstat.pas"/>
        <DCCReference Include="..\..\..\source\Adfstat.pas"/>
        <DCCReference Include="..\..\..\source\AdFtp.pas"/>
        <DCCReference Include="..\..\..\source\Adfview.pas"/>
        <DCCReference Include="..\..\..\source\AdGSM.pas"/>
        <DCCReference Include="..\..\..\source\AdLibMdm.pas"/>
        <DCCReference Include="..\..\..\source\AdMdm.pas"/>
        <DCCReference Include="..\..\..\source\AdMdmCfg.pas"/>
        <DCCReference Include="..\..\..\source\AdMdmDlg.pas"/>
        <DCCReference Include="..\..\..\source\AdMeter.pas"/>
        <DCCReference Include="..\..\..\source\AdPacket.pas"/>
        <DCCReference Include="..\..\..\source\AdPager.pas"/>
        <DCCReference Include="..\..\..\source\AdPort.pas"/>
        <DCCReference Include="..\..\..\source\AdProtcl.pas"/>
        <DCCReference Include="..\..\..\source\ADPSTAT.pas"/>
        <DCCReference Include="..\..\..\source\AdRas.pas"/>
        <DCCReference Include="..\..\..\source\AdRasUtl.pas"/>
        <DCCReference Include="..\..\..\source\AdRStat.pas"/>
        <DCCReference Include="..\..\..\source\AdScript.pas"/>
        <DCCReference Include="..\..\..\source\AdSelCom.pas"/>
        <DCCReference Include="..\..\..\source\AdSocket.pas"/>
        <DCCReference Include="..\..\..\source\AdSrmgr.pas"/>
        <DCCReference Include="..\..\..\source\AdStatLt.pas"/>
        <DCCReference Include="..\..\..\source\AdStMach.pas"/>
        <DCCReference Include="..\..\..\source\AdTapi.pas"/>
        <DCCReference Include="..\..\..\source\ADTrmBuf.pas"/>
        <DCCReference Include="..\..\..\source\ADTrmEmu.pas"/>
        <DCCReference Include="..\..\..\source\ADTrmMap.pas"/>
        <DCCReference Include="..\..\..\source\ADTrmPsr.pas"/>
        <DCCReference Include="..\..\..\source\adtsel.pas"/>
        <DCCReference Include="..\..\..\source\AdTStat.pas"/>
        <DCCReference Include="..\..\..\source\AdTUtil.pas"/>
        <DCCReference Include="..\..\..\source\AdWnPort.pas"/>
        <DCCReference Include="..\..\..\source\Adwutil.pas"/>
        <DCCReference Include="..\..\..\source\AdXBase.pas"/>
        <DCCReference Include="..\..\..\source\AdXChrFlt.pas"/>
        <DCCReference Include="..\..\..\source\Adxdial.pas"/>
        <DCCReference Include="..\..\..\source\Adxdown.pas"/>
        <DCCReference Include="..\..\..\source\AdXLbMdm.pas"/>
        <DCCReference Include="..\..\..\source\AdXParsr.pas"/>
        <DCCReference Include="..\..\..\source\Adxport.pas"/>
        <DCCReference Include="..\..\..\source\Adxprot.pas"/>
        <DCCReference Include="..\..\..\source\Adxup.pas"/>
        <DCCReference Include="..\..\..\source\OoMisc.pas"/>
        <DCCReference Include="..\..\..\source\AWABSPCL.pas"/>
        <DCCReference Include="..\..\..\source\AwAscii.pas"/>
        <DCCReference Include="..\..\..\source\awfax.pas"/>
        <DCCReference Include="..\..\..\source\Awfaxcvt.pas"/>
        <DCCReference Include="..\..\..\source\AwFView.pas"/>
        <DCCReference Include="..\..\..\source\AwKermit.pas"/>
        <DCCReference Include="..\..\..\source\AwTPcl.pas"/>
        <DCCReference Include="..\..\..\source\AwUser.pas"/>
        <DCCReference Include="..\..\..\source\AwWin32.pas"/>
        <DCCReference Include="..\..\..\source\AwWnSock.pas"/>
        <DCCReference Include="..\..\..\source\AwXmodem.pas"/>
        <DCCReference Include="..\..\..\source\AwYmodem.pas"/>
        <DCCReference Include="..\..\..\source\awzmodem.pas"/>
        <DCCReference Include="..\..\..\source\Awabsfax.pas"/>
        <DCCReference Include="..\..\..\source\AdSapiEn.pas"/>
        <DCCReference Include="..\..\..\source\AdISapi.pas"/>
        <DCCReference Include="..\..\..\source\AdSapiGr.pas"/>
        <DCCReference Include="..\..\..\source\AdVoIP.pas"/>
        <DCCReference Include="..\..\..\source\AdITapi3.pas"/>
        <DCCReference Include="..\..\..\source\AdSapiPh.pas"/>
        <DCCReference Include="..\..\..\source\AdVoIPEd.pas">
            <Form>VoipAudioVideoEditor</Form>
        </DCCReference>
        <DCCReference Include="..\..\..\source\AdStrMap.pas"/>
        <DCCReference Include="..\..\..\source\AdStDS.pas"/>
        <DCCReference Include="..\..\..\source\AdPgr.pas"/>
        <DCCReference Include="..\..\..\source\AdStFax.pas"/>
        <DCCReference Include="..\..\..\source\AdStProt.pas"/>
        <DCCReference Include="..\..\..\source\AdStSapi.pas"/>
        <DCCReference Include="..\..\..\source\adstst.pas"/>
        <DCCReference Include="..\..\..\source\LNSWin32.pas"/>
        <DCCReference Include="..\..\..\source\LNSQueue.pas"/>
        <DCCReference Include="..\..\..\source\AdAnsiStrings.pas"/>
        <BuildConfiguration Include="Base">
            <Key>Base</Key>
        </BuildConfiguration>
        <BuildConfiguration Include="Debug">
            <Key>Cfg_1</Key>
            <CfgParent>Base</CfgParent>
        </BuildConfiguration>
        <BuildConfiguration Include="Release">
            <Key>Cfg_2</Key>
            <CfgParent>Base</CfgParent>
        </BuildConfiguration>
    </ItemGroup>
    <ProjectExtensions>
        <Borland.Personality>Delphi.Personality.12</Borland.Personality>
        <Borland.ProjectType>Package</Borland.ProjectType>
        <BorlandProject>
            <Delphi.Personality>
                <Source>
                    <Source Name="MainSource">AsyncProDR.dpk</Source>
                </Source>
                <Excluded_Packages/>
            </Delphi.Personality>
            <Deployment Version="3">
                <DeployFile LocalName="C:\Users\Public\Documents\Embarcadero\Studio\15.0\Bpl\AsyncProDR.bpl" Configuration="Debug" Class="ProjectOutput">
                    <Platform Name="Win32">
                        <RemoteName>AsyncProDR.bpl</RemoteName>
                        <Overwrite>true</Overwrite>
                    </Platform>
                </DeployFile>
                <DeployFile LocalName="C:\Users\Public\Documents\Embarcadero\Studio\21.0\Bpl\AsyncProDR260.bpl" Configuration="Release" Class="ProjectOutput">
                    <Platform Name="Win32">
                        <RemoteName>AsyncProDR.bpl</RemoteName>
                        <Overwrite>true</Overwrite>
                    </Platform>
                </DeployFile>
                <DeployClass Name="AdditionalDebugSymbols">
                    <Platform Name="Win32">
                        <Operation>0</Operation>
                    </Platform>
                </DeployClass>
                <DeployClass Name="DebugSymbols">
                    <Platform Name="Win32">
                        <Operation>0</Operation>
                    </Platform>
                </DeployClass>
                <DeployClass Name="DependencyFramework">
                    <Platform Name="Win32">
                        <Operation>0</Operation>
                    </Platform>
                </DeployClass>
                <DeployClass Name="DependencyModule">
                    <Platform Name="Win32">
                        <Operation>0</Operation>
                        <Extensions>.dll;.bpl</Extensions>
                    </Platform>
                </DeployClass>
                <DeployClass Required="true" Name="DependencyPackage">
                    <Platform Name="Win32">
                        <Operation>0</Operation>
                        <Extensions>.bpl</Extensions>
                    </Platform>
                </DeployClass>
                <DeployClass Name="File">
                    <Platform Name="Win32">
                        <Operation>0</Operation>
                    </Platform>
                </DeployClass>
                <DeployClass Required="true" Name="ProjectOutput">
                    <Platform Name="Win32">
                        <Operation>0</Operation>
                    </Platform>
                </DeployClass>
                <DeployClass Name="ProjectUWPManifest">
                    <Platform Name="Win32">
                        <Operation>1</Operation>
                    </Platform>
                    <Platform Name="Win64">
                        <Operation>1</Operation>
                    </Platform>
                </DeployClass>
                <DeployClass Name="UWP_DelphiLogo150">
                    <Platform Name="Win32">
                        <RemoteDir>Assets</RemoteDir>
                        <Operation>1</Operation>
                    </Platform>
                    <Platform Name="Win64">
                        <RemoteDir>Assets</RemoteDir>
                        <Operation>1</Operation>
                    </Platform>
                </DeployClass>
                <DeployClass Name="UWP_DelphiLogo44">
                    <Platform Name="Win32">
                        <RemoteDir>Assets</RemoteDir>
                        <Operation>1</Operation>
                    </Platform>
                    <Platform Name="Win64">
                        <RemoteDir>Assets</RemoteDir>
                        <Operation>1</Operation>
                    </Platform>
                </DeployClass>
                <ProjectRoot Platform="Win32" Name="$(PROJECTNAME)"/>
                <ProjectRoot Platform="Win64" Name="$(PROJECTNAME)"/>
            </Deployment>
            <Platforms>
                <Platform value="Android">False</Platform>
                <Platform value="Android64">False</Platform>
                <Platform value="Linux64">False</Platform>
                <Platform value="OSX64">False</Platform>
                <Platform value="Win32">True</Platform>
                <Platform value="Win64">True</Platform>
                <Platform value="iOSDevice64">False</Platform>
                <Platform value="iOSSimulator">False</Platform>
            </Platforms>
        </BorlandProject>
        <ProjectFileVersion>12</ProjectFileVersion>
    </ProjectExtensions>
    <Import Project="$(BDS)\Bin\CodeGear.Delphi.Targets" Condition="Exists('$(BDS)\Bin\CodeGear.Delphi.Targets')"/>
    <Import Project="$(APPDATA)\Embarcadero\$(BDSAPPDATABASEDIR)\$(PRODUCTVERSION)\UserTools.proj" Condition="Exists('$(APPDATA)\Embarcadero\$(BDSAPPDATABASEDIR)\$(PRODUCTVERSION)\UserTools.proj')"/>
    <Import Project="$(MSBuildProjectName).deployproj" Condition="Exists('$(MSBuildProjectName).deployproj')"/>
</Project>
