Microsoft Visual Studio Solution File, Format Version 7.00
Project("{F184B08F-C81C-45F6-A57F-5ABD9991F28F}") = "ExRecv", "ExRecv.vbproj", "{21A0F459-1799-4E13-9DF8-1D369D5C33CA}"
EndProject
Global
	GlobalSection(SolutionConfiguration) = preSolution
		ConfigName.0 = Debug
		ConfigName.1 = Release
	EndGlobalSection
	GlobalSection(ProjectDependencies) = postSolution
	EndGlobalSection
	GlobalSection(ProjectConfiguration) = postSolution
		{21A0F459-1799-4E13-9DF8-1D369D5C33CA}.Debug.ActiveCfg = Debug|.NET
		{21A0F459-1799-4E13-9DF8-1D369D5C33CA}.Debug.Build.0 = Debug|.NET
		{21A0F459-1799-4E13-9DF8-1D369D5C33CA}.Release.ActiveCfg = Release|.NET
		{21A0F459-1799-4E13-9DF8-1D369D5C33CA}.Release.Build.0 = Release|.NET
	EndGlobalSection
	GlobalSection(ExtensibilityGlobals) = postSolution
	EndGlobalSection
	GlobalSection(ExtensibilityAddIns) = postSolution
	EndGlobalSection
EndGlobal
