Microsoft Visual Studio Solution File, Format Version 7.00
Project("{FAE04EC0-301F-11D3-BF4B-00C04F79EFBC}") = "ExRecv", "ExRecv.csproj", "{DF520AE4-E740-4826-BABA-883D11930904}"
EndProject
Global
	GlobalSection(SolutionConfiguration) = preSolution
		ConfigName.0 = Debug
		ConfigName.1 = Release
	EndGlobalSection
	GlobalSection(ProjectDependencies) = postSolution
	EndGlobalSection
	GlobalSection(ProjectConfiguration) = postSolution
		{DF520AE4-E740-4826-BABA-883D11930904}.Debug.ActiveCfg = Debug|.NET
		{DF520AE4-E740-4826-BABA-883D11930904}.Debug.Build.0 = Debug|.NET
		{DF520AE4-E740-4826-BABA-883D11930904}.Release.ActiveCfg = Release|.NET
		{DF520AE4-E740-4826-BABA-883D11930904}.Release.Build.0 = Release|.NET
	EndGlobalSection
	GlobalSection(ExtensibilityGlobals) = postSolution
	EndGlobalSection
	GlobalSection(ExtensibilityAddIns) = postSolution
	EndGlobalSection
EndGlobal
