Microsoft Visual Studio Solution File, Format Version 7.00
Project("{F184B08F-C81C-45F6-A57F-5ABD9991F28F}") = "ExDial", "ExDial.vbproj", "{8545DB7F-B72B-4A18-9A86-DBFE51633C48}"
EndProject
Global
	GlobalSection(SolutionConfiguration) = preSolution
		ConfigName.0 = Debug
		ConfigName.1 = Release
	EndGlobalSection
	GlobalSection(ProjectDependencies) = postSolution
	EndGlobalSection
	GlobalSection(ProjectConfiguration) = postSolution
		{8545DB7F-B72B-4A18-9A86-DBFE51633C48}.Debug.ActiveCfg = Debug|.NET
		{8545DB7F-B72B-4A18-9A86-DBFE51633C48}.Debug.Build.0 = Debug|.NET
		{8545DB7F-B72B-4A18-9A86-DBFE51633C48}.Release.ActiveCfg = Release|.NET
		{8545DB7F-B72B-4A18-9A86-DBFE51633C48}.Release.Build.0 = Release|.NET
	EndGlobalSection
	GlobalSection(ExtensibilityGlobals) = postSolution
	EndGlobalSection
	GlobalSection(ExtensibilityAddIns) = postSolution
	EndGlobalSection
EndGlobal
